# Generated by `riglane catalog pack`. Do not edit by hand —
# the catalog CI regenerates this inventory from the pinned commit
# and rejects the entry when it differs from what was submitted.
lock_version: 1
workflow: market-thesis-review
workflow_version: 7
workflow_sha256: 56ca61fbad39be02729c58354cb3594e8f5788ebdd29f0ffb5d91eec6f3f938e
steps:
  count: 20
  items:
    - name: configure
      subagent: false
    - name: review-past-decisions
      subagent: false
    - name: pick-market
      subagent: false
    - name: analyst-market
      subagent: true
      deny:
        - shell
    - name: pick-social
      subagent: false
    - name: analyst-sentiment
      subagent: true
      deny:
        - shell
    - name: pick-news
      subagent: false
    - name: analyst-news
      subagent: true
      deny:
        - shell
    - name: pick-fundamentals
      subagent: false
    - name: analyst-fundamentals
      subagent: true
      deny:
        - shell
    - name: bull-argues
      subagent: true
      deny:
        - shell
    - name: bear-argues
      subagent: true
      deny:
        - shell
    - name: research-manager
      subagent: true
      deny:
        - shell
    - name: trader
      subagent: true
      deny:
        - shell
    - name: risk-aggressive
      subagent: true
      deny:
        - shell
    - name: risk-conservative
      subagent: true
      deny:
        - shell
    - name: risk-neutral
      subagent: true
      deny:
        - shell
    - name: portfolio-manager
      subagent: true
      deny:
        - shell
    - name: record-decision
      subagent: false
    - name: report
      subagent: false
  gates:
    structural: true
    semantic: false
    human: false
    max_gate_retries: 3
    max_step_retries: 2
    step_overrides:
      - analyst-market
      - analyst-sentiment
      - analyst-news
      - analyst-fundamentals
      - portfolio-manager
  control_flow:
    loop_back:
      - step: bear-argues
        to: bull-argues
        max_iterations: 6
        when:
          - script
      - step: risk-neutral
        to: risk-aggressive
        max_iterations: 6
        when:
          - script
    routes:
      - step: pick-market
        route_ids:
          - market
        when:
          - script
      - step: pick-social
        route_ids:
          - social
        when:
          - script
      - step: pick-news
        route_ids:
          - news
        when:
          - script
      - step: pick-fundamentals
        route_ids:
          - fundamentals
        when:
          - script
    lanes:
      - step: configure
        lane_ids:
          - lane-memory
          - lane-market
          - lane-social
          - lane-news
          - lane-fundamentals
        require: all
  delegates_to: []
params:
  - name: ticker
    required: true
  - name: trade_date
    required: false
  - name: analysts
    required: false
    default: market,social,news,fundamentals
  - name: debate_rounds
    required: false
    default: 1
  - name: risk_rounds
    required: false
    default: 1
  - name: output_language
    required: false
    default: English
  - name: asset_type
    required: false
    default: stock
  - name: data_vendor
    required: false
    default: yahoo
  - name: instrument_context
    required: false
  - name: language_note
    required: false
structs:
  - outcomes-receipt
  - portfolio-decision
  - research-plan
  - run-config
  - sentiment-report
  - trader-proposal
script_tools:
  - name: write_run_config
    description: |
      The whole configure step as one deterministic call: resolves the instrument identity (shared with resolve_instrument), the analysis date (today when empty), the analyst subset, the language note, and writes the schema-validated data/run-config.json. Keyless, one identity lookup.
    command: node .riglane/workflows/templates/community/market-thesis-review/tools/write-run-config.mjs
    interpreter: node
    references:
      - tools/write-run-config.mjs
  - name: render_report
    description: |
      Renders a role's Markdown report from its JSON artifact — the exact shapes their render_* functions produce. Write the JSON output first, then call this; the md cannot diverge from the json by construction. kind trader reads data/trader-proposal.json; research_manager reads data/research-plan.json; portfolio_manager reads data/final-decision.json.
    command: node .riglane/workflows/templates/community/market-thesis-review/tools/render-report.mjs
    interpreter: node
    references:
      - tools/render-report.mjs
  - name: record_decision
    description: |
      Memory phase A as code (their store_decision): appends the approved decision to .user/market-thesis/decisions.jsonl as a pending entry plus the human mirror in decisions.md. Idempotent — an existing pending entry for the same (date, ticker) is reported, never duplicated. No arguments; reads the run's own artifacts.
    command: node .riglane/workflows/templates/community/market-thesis-review/tools/record-decision.mjs
    interpreter: node
    references:
      - tools/record-decision.mjs
  - name: assemble_report
    description: |
      Their save_reports as code: copies every existing section into data/report/ (1_analysts .. 5_portfolio) and writes complete_report.md with the exact heading structure. Skips sections whose source does not exist (a deselected analyst leaves no report). No arguments.
    command: node .riglane/workflows/templates/community/market-thesis-review/tools/assemble-report.mjs
    interpreter: node
    references:
      - tools/assemble-report.mjs
  - name: build_past_context
    description: |
      Their get_past_context as code: writes data/past-context.md from the decision journal — up to 5 resolved same-ticker entries plus 3 cross-ticker lessons, or the exact sentence "No past decisions recorded yet." The judgement half of memory (reflections) stays with the agent.
    command: node .riglane/workflows/templates/community/market-thesis-review/tools/build-past-context.mjs
    interpreter: node
    references:
      - tools/build-past-context.mjs
  - name: resolve_instrument
    description: |
      Deterministic identity for a ticker: company name, sector, industry, exchange, quote type — plus a ready-made instrument_context sentence that anchors every agent to the REAL company instead of pattern-matching the price chart to a wrong one. Fail-open: when the source cannot resolve the symbol it returns a ticker-only context, never an error. Keyless, reads only.
    command: node .riglane/workflows/templates/community/market-thesis-review/tools/resolve-instrument.mjs
    interpreter: node
    references:
      - tools/resolve-instrument.mjs
  - name: resolve_outcomes
    description: |
      Memory phase B, the mechanical part: reads the decision journal (.user/market-thesis/decisions.jsonl), finds this ticker's pending entries, computes each one's realized 5-day raw return AND alpha against the ticker's regional benchmark (suffix map: .T -> ^N225, .HK -> ^HSI, ..., default SPY), writes the figures back into the journal, and returns the entries that now need a written reflection. An entry whose price data is not available yet (too recent) stays pending — that is normal, not an error. Keyless, writes only the journal.
    command: node .riglane/workflows/templates/community/market-thesis-review/tools/resolve-outcomes.mjs
    interpreter: node
    references:
      - tools/resolve-outcomes.mjs
  - name: get_stock_data
    description: |
      OHLCV price rows for a ticker, as a formatted table. Say the window the easy way — curr_date plus look_back_days — the way get_indicators does; an explicit start_date/end_date pair is accepted when you truly mean specific endpoints. Retrieve the price series FIRST — get_indicators computes from it. Keyless (Yahoo), reads only, cached per (ticker, day).
    command: node .riglane/workflows/templates/community/market-thesis-review/tools/get-stock-data.mjs
    interpreter: node
    references:
      - tools/get-stock-data.mjs
  - name: get_indicators
    description: |
      ONE technical indicator for a ticker, computed over a look-back window and reported per day. Exact indicator names: close_50_sma, close_200_sma, close_10_ema, macd, macds, macdh, rsi, boll, boll_ub, boll_lb, atr, vwma. Call once per indicator. The values are computed — read them, never recompute. Keyless (computed from Yahoo prices), reads only.
    command: node .riglane/workflows/templates/community/market-thesis-review/tools/get-indicators.mjs
    interpreter: node
    references:
      - tools/get-indicators.mjs
  - name: get_verified_snapshot
    description: |
      Deterministic verification snapshot for exact market-data claims: the latest OHLCV row on or before the date, common technical indicators, and recent closes. Call this BEFORE making exact claims about price levels, Bollinger bands, RSI, MACD, moving averages, support/resistance or historical comparisons, and treat it as the source of truth — if another tool's output conflicts, flag the discrepancy rather than inventing a reconciled number. Keyless, reads only.
    command: node .riglane/workflows/templates/community/market-thesis-review/tools/get-verified-snapshot.mjs
    interpreter: node
    references:
      - tools/get-verified-snapshot.mjs
  - name: get_fundamentals
    description: |
      Comprehensive fundamental picture for a company: profile, valuation multiples, margins, returns, growth, dividend — computed figures grouped by the question they answer. Absent figures are named as not covered: read absence as unknown, never as zero or as healthy. Honors the run's data_vendor choice (yahoo keyless default / alpha_vantage with key). Reads only, cached per (ticker, day).
    command: node .riglane/workflows/templates/community/market-thesis-review/tools/get-fundamentals.mjs
    interpreter: node
    references:
      - tools/get-fundamentals.mjs
  - name: get_balance_sheet
    description: |
      Balance-sheet statement rows for a company, annual or quarterly. Honors the run's data_vendor choice. Reads only, cached per (ticker, day).
    command: node .riglane/workflows/templates/community/market-thesis-review/tools/get-balance-sheet.mjs
    interpreter: node
    references:
      - tools/get-balance-sheet.mjs
  - name: get_cashflow
    description: |
      Cash-flow statement rows for a company, annual or quarterly. Honors the run's data_vendor choice. Reads only, cached per (ticker, day).
    command: node .riglane/workflows/templates/community/market-thesis-review/tools/get-cashflow.mjs
    interpreter: node
    references:
      - tools/get-cashflow.mjs
  - name: get_income_statement
    description: |
      Income-statement rows for a company, annual or quarterly. Honors the run's data_vendor choice. Reads only, cached per (ticker, day).
    command: node .riglane/workflows/templates/community/market-thesis-review/tools/get-income-statement.mjs
    interpreter: node
    references:
      - tools/get-income-statement.mjs
  - name: get_news
    description: |
      News items for one ticker over a date range: dated headlines with source, ranked by relevance. The dates are the point — match them against price moves. Honors the run's data_vendor choice (the alpha_vantage side adds the vendor's own per-item sentiment). Reads only, cached per (ticker, day).
    command: node .riglane/workflows/templates/community/market-thesis-review/tools/get-news.mjs
    interpreter: node
    references:
      - tools/get-news.mjs
  - name: get_global_news
    description: |
      Broader macroeconomic headlines over a look-back window, gathered across the standing macro queries (central banks, earnings/GDP, geopolitics, commodities). Honors the run's data_vendor choice. Reads only, cached per day.
    command: node .riglane/workflows/templates/community/market-thesis-review/tools/get-global-news.mjs
    interpreter: node
    references:
      - tools/get-global-news.mjs
  - name: get_macro_indicators
    description: |
      A macroeconomic time series from FRED: policy rates, Treasury yields, inflation, labor, growth. Accepts friendly aliases ('cpi', 'core_pce', 'unemployment', 'fed_funds_rate', '10y_treasury', 'yield_curve', 'real_gdp', 'vix') or a raw FRED series id. Returns the series title, units, latest value, change over the window, and a recent observation table. Requires FRED_API_KEY — without it, answers DATA_UNAVAILABLE with the remedy; record that as a gap. Reads only.
    command: node .riglane/workflows/templates/community/market-thesis-review/tools/get-macro-indicators.mjs
    interpreter: node
    references:
      - tools/get-macro-indicators.mjs
  - name: get_prediction_markets
    description: |
      Live market-implied probabilities for forward-looking events from Polymarket: Fed decisions, recession, elections, geopolitics. Returns the most-traded open markets matching the topic, each with implied probability, traded volume, resolution date and recent move. Keyless, reads only.
    command: node .riglane/workflows/templates/community/market-thesis-review/tools/get-prediction-markets.mjs
    interpreter: node
    references:
      - tools/get-prediction-markets.mjs
  - name: sentiment_sources
    description: |
      The sentiment analyst's complete sensory surface, in one call: (1) news headlines for the ticker, past 7 days (institutional framing); (2) StockTwits messages indexed by cashtag, each with its user-labeled Bullish/Bearish tag (fast retail signal); (3) Reddit posts from r/wallstreetbets, r/stocks, r/investing with upvote and comment counts (community attention). Each source degrades gracefully: when one is unavailable its block says so explicitly — report that as reduced confidence, never fill the gap from memory. Keyless, reads only, cached per (ticker, day).
    command: node .riglane/workflows/templates/community/market-thesis-review/tools/sentiment-sources.mjs
    interpreter: node
    references:
      - tools/sentiment-sources.mjs
mcp_dependencies: []
deciders:
  - field: routes.when.script
    at: pick-market
    command: node .riglane/workflows/templates/community/market-thesis-review/scripts/route-analyst.mjs market
  - field: routes.when.script
    at: pick-social
    command: node .riglane/workflows/templates/community/market-thesis-review/scripts/route-analyst.mjs social
  - field: routes.when.script
    at: pick-news
    command: node .riglane/workflows/templates/community/market-thesis-review/scripts/route-analyst.mjs news
  - field: routes.when.script
    at: pick-fundamentals
    command: node .riglane/workflows/templates/community/market-thesis-review/scripts/route-analyst.mjs fundamentals
  - field: loop_back.when.script
    at: bear-argues
    command: node .riglane/workflows/templates/community/market-thesis-review/scripts/debate-continue.mjs
  - field: loop_back.when.script
    at: risk-neutral
    command: node .riglane/workflows/templates/community/market-thesis-review/scripts/risk-continue.mjs
bundled_files:
  - path: lib/answer.mjs
    bytes: 5292
    sha256: 3537cf806d83de53ed51215b425c7fb10e1835fba2c4319f4c50c6187b9f04ee
    language: javascript
    role: other
  - path: lib/av-answers.mjs
    bytes: 7269
    sha256: ee929b407eee28b759ba1e7b8512c8c8c5000760222a6484c0d4ba2f36e5bdc5
    language: javascript
    role: other
  - path: lib/cache.mjs
    bytes: 2442
    sha256: 5a4019d130e06ce3fafa552b9e15c791c9d43dc55ce5579a4ae1baaef3e9d698
    language: javascript
    role: other
  - path: lib/indicators.mjs
    bytes: 8327
    sha256: 11055ac705f008d0b30ef6ec061d3f617fedea176431ac7ba264e034155196cd
    language: javascript
    role: other
  - path: lib/instrument.mjs
    bytes: 3902
    sha256: cabed352832b95eb6a552d099d1512adcdda45ba64247127c610703fa9d21b45
    language: javascript
    role: other
  - path: lib/news.mjs
    bytes: 1893
    sha256: f6e9b84e497f099c53eba0c075924f020fff14a881f9421f27d86f092981f8b9
    language: javascript
    role: other
  - path: lib/run.mjs
    bytes: 2129
    sha256: 104ed414565829d2b25c14227efe5bf3f29c56f164b8b646db9ee83a1c4c987c
    language: javascript
    role: other
  - path: lib/statements.mjs
    bytes: 4875
    sha256: 99f7b604a02e71bea1c9f170dd7db8a996629f3eb7fae17f8441851ffe60b91f
    language: javascript
    role: other
  - path: lib/vendor.mjs
    bytes: 2049
    sha256: d5a7fc998b760751381675555d4840ef9e16e6c8b3fa6f504bc2ae3035b02a70
    language: javascript
    role: other
  - path: providers/alphavantage.mjs
    bytes: 5347
    sha256: b33494a4dfa32d684699239530b7082180fdab9fbc3b650f075369ac37db6e0f
    language: javascript
    role: other
  - path: providers/fred.mjs
    bytes: 4202
    sha256: c746716a1accb9d4ab359498d41c05d4d1c177d4c5872dd48eca4e346b790f85
    language: javascript
    role: other
  - path: providers/polymarket.mjs
    bytes: 2888
    sha256: e42a25cc27327ee28bbe6a8fc7ebd520e64cd3b016043a1d8ac8b4f09e9533f6
    language: javascript
    role: other
  - path: providers/reddit.mjs
    bytes: 4416
    sha256: 64b76427b56eb1b830741857307aac8ee7045ddc54beeda2738f3fca8b14b707
    language: javascript
    role: other
  - path: providers/stocktwits.mjs
    bytes: 3197
    sha256: 4c55c1fba23bc4a0e6572ad1b0fbd3bf8839d8bd48c126f2c548904dcbb3de01
    language: javascript
    role: other
  - path: providers/yahoo.mjs
    bytes: 6981
    sha256: 72edc31bdb8cd78da480bfad2d48d5f8e5c95dbb4397541239ce5892da79556b
    language: javascript
    role: other
  - path: scripts/debate-continue.mjs
    bytes: 1761
    sha256: 90a38e5dc7cc5c160b00deabcb1f6db2cdd9842336d86b919300eba22535986e
    language: javascript
    role: script
  - path: scripts/risk-continue.mjs
    bytes: 1765
    sha256: d9d5a21cbd9bb5aaf02747ca1b0efe07b85e8b09b3a20e9a0bd18df93d524512
    language: javascript
    role: script
  - path: scripts/route-analyst.mjs
    bytes: 1926
    sha256: 2a6bb2faea420b32020ad234f3656fa4d85a353c8394f8b40eeac6111ef24b7e
    language: javascript
    role: script
  - path: structs/outcomes-receipt.schema.yaml
    bytes: 1604
    sha256: 3f97eb14f548b4e4925824bdec3d3d480622024dfe8369d62e7ba5e0d7481d4e
    language: yaml
    role: struct
  - path: structs/portfolio-decision.schema.yaml
    bytes: 1629
    sha256: 3484a697e578c3b3bf0466847a6730495b8172d6284858d99bbc039ff1d0056f
    language: yaml
    role: struct
  - path: structs/research-plan.schema.yaml
    bytes: 1193
    sha256: 1b24e8689d08b53860190923e5b010d7b8246bdae67e73035023bbf59488702a
    language: yaml
    role: struct
  - path: structs/run-config.schema.yaml
    bytes: 1725
    sha256: dfe9f941765e8955757deb3429ac128e023fbdae37d990d8c1c8ea9b2e33d6d3
    language: yaml
    role: struct
  - path: structs/sentiment-report.schema.yaml
    bytes: 1706
    sha256: ae6afc35cc81eceb8973d24ddcf85d447ec803048adeba6e27c95f11d157de0c
    language: yaml
    role: struct
  - path: structs/trader-proposal.schema.yaml
    bytes: 1078
    sha256: 935e90e76e69ee86fb090b81ad25e5c16841f385dd4a2616c70bb98e18ad8b46
    language: yaml
    role: struct
  - path: tools/assemble-report.mjs
    bytes: 4598
    sha256: cdc04d722c1e14f9a95ebe846782cecb0315754a20258d46e30858bb99ef146b
    language: javascript
    role: script
  - path: tools/build-past-context.mjs
    bytes: 2904
    sha256: bba58a1f8dfc41e13f4f981f3071731f3095aedb3044843eb85466e4671e84fb
    language: javascript
    role: script
  - path: tools/get-balance-sheet.mjs
    bytes: 176
    sha256: 212867ce410ff10056127742375c2b3443f34e1d11cf0ed96b2993611c945dbd
    language: javascript
    role: script
  - path: tools/get-cashflow.mjs
    bytes: 166
    sha256: 928a72b122bcaba68472d6300aa17251218059311a43efaa8c80a61c93ee4124
    language: javascript
    role: script
  - path: tools/get-fundamentals.mjs
    bytes: 7498
    sha256: ea762e65271e17d25312440cff5793fe190720398675d11ea1eb1cb172335691
    language: javascript
    role: script
  - path: tools/get-global-news.mjs
    bytes: 3343
    sha256: 0d4e59447e4bdbcadc3d27cacf49255d9889ba362507e9fd35c0b7057697a9c7
    language: javascript
    role: script
  - path: tools/get-income-statement.mjs
    bytes: 182
    sha256: 17b1cfd8da00adabc95c08df1f03ddf5a755728f130054fbe571eb7cface167b
    language: javascript
    role: script
  - path: tools/get-indicators.mjs
    bytes: 3413
    sha256: af166ac3726a914557c78694d5de55af28c998042efcbe7cd554afbaa16f20a5
    language: javascript
    role: script
  - path: tools/get-macro-indicators.mjs
    bytes: 3537
    sha256: 209999fd7913a65744ea5994cddf889fc3feca15d0688265e8128371adebe690
    language: javascript
    role: script
  - path: tools/get-news.mjs
    bytes: 2795
    sha256: f9e5c7cfe1933570fec14af58413bf77445150e73c460e6e0480bf2d6706b68b
    language: javascript
    role: script
  - path: tools/get-prediction-markets.mjs
    bytes: 2473
    sha256: eae83deaf16474762a5c395436cee5cf65ab5320c7d403bd7aeec68440ccc22b
    language: javascript
    role: script
  - path: tools/get-stock-data.mjs
    bytes: 3080
    sha256: af7126dd232903e4e858b93488daba330ca314ac96eb14c4711782d9b24f175b
    language: javascript
    role: script
  - path: tools/get-verified-snapshot.mjs
    bytes: 3980
    sha256: 18ba8df8f2ebe70cc46e02d1aa455540d49aa2e86300f577bcfd513e0eb1fd88
    language: javascript
    role: script
  - path: tools/record-decision.mjs
    bytes: 3525
    sha256: 5f4193047f398d96074ad9b7cdb9cd10b8a57bac8ddbb0385553c87dc0690af2
    language: javascript
    role: script
  - path: tools/render-report.mjs
    bytes: 3697
    sha256: aa7e15eb662d168b0703312314082e0df69f5ea1c381be6f4fea92f360e0e301
    language: javascript
    role: script
  - path: tools/resolve-instrument.mjs
    bytes: 1195
    sha256: dcec16091cfd1b880d601b052f3a502d252e8aa6ea3407ba663e763fc2ef1c94
    language: javascript
    role: script
  - path: tools/resolve-outcomes.mjs
    bytes: 7135
    sha256: 13c014b1be88caa3d3a2bd362a75263147e05db9176196a4831f373e565f74aa
    language: javascript
    role: script
  - path: tools/sentiment-sources.mjs
    bytes: 4488
    sha256: 37b27b075c5890e0cd596f9e340b230127598f59a2d804ebc1fd66e874af3196
    language: javascript
    role: script
  - path: tools/write-run-config.mjs
    bytes: 3434
    sha256: 29096fcde3b92e8157039361058ad3e59442e22ebaab6dd7681be1da469e701f
    language: javascript
    role: script
capabilities:
  network: true
  reads_env: true
  writes_outside_project: false
  spawns_mcp_server: false
  flags:
    - flag: network
      where: file lib/av-answers.mjs
      match: https://
    - flag: network
      where: file providers/alphavantage.mjs
      match: fetch(
    - flag: network
      where: file providers/alphavantage.mjs
      match: https://
    - flag: network
      where: file providers/fred.mjs
      match: fetch(
    - flag: network
      where: file providers/fred.mjs
      match: https://
    - flag: network
      where: file providers/polymarket.mjs
      match: fetch(
    - flag: network
      where: file providers/polymarket.mjs
      match: https://
    - flag: network
      where: file providers/reddit.mjs
      match: fetch(
    - flag: network
      where: file providers/reddit.mjs
      match: https://
    - flag: network
      where: file providers/stocktwits.mjs
      match: fetch(
    - flag: network
      where: file providers/stocktwits.mjs
      match: https://
    - flag: network
      where: file providers/yahoo.mjs
      match: fetch(
    - flag: network
      where: file providers/yahoo.mjs
      match: https://
    - flag: reads-env
      where: file scripts/route-analyst.mjs
      match: VALID
    - flag: network
      where: file tools/get-macro-indicators.mjs
      match: https://
